
Microsoft Visual Studio Solution File, Format Version 12.00
# Visual Studio 15
VisualStudioVersion = 15.0.26124.0
MinimumVisualStudioVersion = 15.0.26124.0
Project("{FAE04EC0-301F-11D3-BF4B-00C04F79EFBC}") = "Taponto.WebMvc", "src\Taponto.WebMvc\Taponto.WebMvc.csproj", "{F16C40F4-5655-4E83-B63D-F3380087588A}"
EndProject
Project("{FAE04EC0-301F-11D3-BF4B-00C04F79EFBC}") = "Taponto.Domain", "src\Taponto.Domain\Taponto.Domain.csproj", "{D75A9960-C6C6-4AF7-98CA-FC0FCB1DCA4C}"
EndProject
Project("{FAE04EC0-301F-11D3-BF4B-00C04F79EFBC}") = "UnitTest", "test\UnitTest\UnitTest.csproj", "{D81F99E1-EC20-4846-A3B4-B3522BADA05C}"
EndProject
Project("{2150E333-8FDC-42A3-9474-1A3956D46DE8}") = "test", "test", "{D83C1840-7519-11E9-8DA1-2BC3D854016D}"
EndProject
Project("{2150E333-8FDC-42A3-9474-1A3956D46DE8}") = "src", "src", "{1374C510-751A-11E9-8DA1-2BC3D854016D}"
EndProject
Global
	GlobalSection(SolutionConfigurationPlatforms) = preSolution
		Debug|Any CPU = Debug|Any CPU
		Debug|x64 = Debug|x64
		Debug|x86 = Debug|x86
		Release|Any CPU = Release|Any CPU
		Release|x64 = Release|x64
		Release|x86 = Release|x86
	EndGlobalSection
	GlobalSection(SolutionProperties) = preSolution
		HideSolutionNode = FALSE
	EndGlobalSection
	GlobalSection(ProjectConfigurationPlatforms) = postSolution
		{F16C40F4-5655-4E83-B63D-F3380087588A}.Debug|Any CPU.ActiveCfg = Debug|Any CPU
		{F16C40F4-5655-4E83-B63D-F3380087588A}.Debug|Any CPU.Build.0 = Debug|Any CPU
		{F16C40F4-5655-4E83-B63D-F3380087588A}.Debug|x64.ActiveCfg = Debug|Any CPU
		{F16C40F4-5655-4E83-B63D-F3380087588A}.Debug|x64.Build.0 = Debug|Any CPU
		{F16C40F4-5655-4E83-B63D-F3380087588A}.Debug|x86.ActiveCfg = Debug|Any CPU
		{F16C40F4-5655-4E83-B63D-F3380087588A}.Debug|x86.Build.0 = Debug|Any CPU
		{F16C40F4-5655-4E83-B63D-F3380087588A}.Release|Any CPU.ActiveCfg = Release|Any CPU
		{F16C40F4-5655-4E83-B63D-F3380087588A}.Release|Any CPU.Build.0 = Release|Any CPU
		{F16C40F4-5655-4E83-B63D-F3380087588A}.Release|x64.ActiveCfg = Release|Any CPU
		{F16C40F4-5655-4E83-B63D-F3380087588A}.Release|x64.Build.0 = Release|Any CPU
		{F16C40F4-5655-4E83-B63D-F3380087588A}.Release|x86.ActiveCfg = Release|Any CPU
		{F16C40F4-5655-4E83-B63D-F3380087588A}.Release|x86.Build.0 = Release|Any CPU
		{D75A9960-C6C6-4AF7-98CA-FC0FCB1DCA4C}.Debug|Any CPU.ActiveCfg = Debug|Any CPU
		{D75A9960-C6C6-4AF7-98CA-FC0FCB1DCA4C}.Debug|Any CPU.Build.0 = Debug|Any CPU
		{D75A9960-C6C6-4AF7-98CA-FC0FCB1DCA4C}.Debug|x64.ActiveCfg = Debug|Any CPU
		{D75A9960-C6C6-4AF7-98CA-FC0FCB1DCA4C}.Debug|x64.Build.0 = Debug|Any CPU
		{D75A9960-C6C6-4AF7-98CA-FC0FCB1DCA4C}.Debug|x86.ActiveCfg = Debug|Any CPU
		{D75A9960-C6C6-4AF7-98CA-FC0FCB1DCA4C}.Debug|x86.Build.0 = Debug|Any CPU
		{D75A9960-C6C6-4AF7-98CA-FC0FCB1DCA4C}.Release|Any CPU.ActiveCfg = Release|Any CPU
		{D75A9960-C6C6-4AF7-98CA-FC0FCB1DCA4C}.Release|Any CPU.Build.0 = Release|Any CPU
		{D75A9960-C6C6-4AF7-98CA-FC0FCB1DCA4C}.Release|x64.ActiveCfg = Release|Any CPU
		{D75A9960-C6C6-4AF7-98CA-FC0FCB1DCA4C}.Release|x64.Build.0 = Release|Any CPU
		{D75A9960-C6C6-4AF7-98CA-FC0FCB1DCA4C}.Release|x86.ActiveCfg = Release|Any CPU
		{D75A9960-C6C6-4AF7-98CA-FC0FCB1DCA4C}.Release|x86.Build.0 = Release|Any CPU
		{D81F99E1-EC20-4846-A3B4-B3522BADA05C}.Debug|Any CPU.ActiveCfg = Debug|Any CPU
		{D81F99E1-EC20-4846-A3B4-B3522BADA05C}.Debug|Any CPU.Build.0 = Debug|Any CPU
		{D81F99E1-EC20-4846-A3B4-B3522BADA05C}.Debug|x64.ActiveCfg = Debug|Any CPU
		{D81F99E1-EC20-4846-A3B4-B3522BADA05C}.Debug|x64.Build.0 = Debug|Any CPU
		{D81F99E1-EC20-4846-A3B4-B3522BADA05C}.Debug|x86.ActiveCfg = Debug|Any CPU
		{D81F99E1-EC20-4846-A3B4-B3522BADA05C}.Debug|x86.Build.0 = Debug|Any CPU
		{D81F99E1-EC20-4846-A3B4-B3522BADA05C}.Release|Any CPU.ActiveCfg = Release|Any CPU
		{D81F99E1-EC20-4846-A3B4-B3522BADA05C}.Release|Any CPU.Build.0 = Release|Any CPU
		{D81F99E1-EC20-4846-A3B4-B3522BADA05C}.Release|x64.ActiveCfg = Release|Any CPU
		{D81F99E1-EC20-4846-A3B4-B3522BADA05C}.Release|x64.Build.0 = Release|Any CPU
		{D81F99E1-EC20-4846-A3B4-B3522BADA05C}.Release|x86.ActiveCfg = Release|Any CPU
		{D81F99E1-EC20-4846-A3B4-B3522BADA05C}.Release|x86.Build.0 = Release|Any CPU
	EndGlobalSection
	GlobalSection(NestedProjects) = preSolution
		{F16C40F4-5655-4E83-B63D-F3380087588A} = {1374C510-751A-11E9-8DA1-2BC3D854016D}
		{D75A9960-C6C6-4AF7-98CA-FC0FCB1DCA4C} = {1374C510-751A-11E9-8DA1-2BC3D854016D}
		{D81F99E1-EC20-4846-A3B4-B3522BADA05C} = {D83C1840-7519-11E9-8DA1-2BC3D854016D}
	EndGlobalSection
EndGlobal
