
Microsoft Visual Studio Solution File, Format Version 12.00
# Visual Studio 15
VisualStudioVersion = 15.0.26124.0
MinimumVisualStudioVersion = 15.0.26124.0
Project("{FAE04EC0-301F-11D3-BF4B-00C04F79EFBC}") = "WebMvc", "src\Web\WebMvc\WebMvc.csproj", "{F16C40F4-5655-4E83-B63D-F3380087588A}"
EndProject
Project("{FAE04EC0-301F-11D3-BF4B-00C04F79EFBC}") = "UnitTest", "test\UnitTest\UnitTest.csproj", "{D81F99E1-EC20-4846-A3B4-B3522BADA05C}"
EndProject
Project("{2150E333-8FDC-42A3-9474-1A3956D46DE8}") = "test", "test", "{D83C1840-7519-11E9-8DA1-2BC3D854016D}"
EndProject
Project("{2150E333-8FDC-42A3-9474-1A3956D46DE8}") = "src", "src", "{1374C510-751A-11E9-8DA1-2BC3D854016D}"
EndProject
Project("{2150E333-8FDC-42A3-9474-1A3956D46DE8}") = "Funcionario", "Funcionario", "{7EA05906-F541-4F74-9D54-F16F8812FC37}"
EndProject
Project("{FAE04EC0-301F-11D3-BF4B-00C04F79EFBC}") = "Funcionario.Api", "src\Services\Funcionario\Funcionario.Api\Funcionario.Api.csproj", "{3FA33FD5-EE56-4183-9097-BE6038DDA2A2}"
EndProject
Project("{2150E333-8FDC-42A3-9474-1A3956D46DE8}") = "Services", "Services", "{6DDD7710-782E-11E9-B616-CBBB8A79C0C6}"
EndProject
Project("{2150E333-8FDC-42A3-9474-1A3956D46DE8}") = "Web", "Web", "{743B41A0-782E-11E9-B616-CBBB8A79C0C6}"
EndProject
Global
	GlobalSection(SolutionConfigurationPlatforms) = preSolution
		Debug|Any CPU = Debug|Any CPU
		Debug|x64 = Debug|x64
		Debug|x86 = Debug|x86
		Release|Any CPU = Release|Any CPU
		Release|x64 = Release|x64
		Release|x86 = Release|x86
	EndGlobalSection
	GlobalSection(SolutionProperties) = preSolution
		HideSolutionNode = FALSE
	EndGlobalSection
	GlobalSection(ProjectConfigurationPlatforms) = postSolution
		{F16C40F4-5655-4E83-B63D-F3380087588A}.Debug|Any CPU.ActiveCfg = Debug|Any CPU
		{F16C40F4-5655-4E83-B63D-F3380087588A}.Debug|Any CPU.Build.0 = Debug|Any CPU
		{F16C40F4-5655-4E83-B63D-F3380087588A}.Debug|x64.ActiveCfg = Debug|Any CPU
		{F16C40F4-5655-4E83-B63D-F3380087588A}.Debug|x64.Build.0 = Debug|Any CPU
		{F16C40F4-5655-4E83-B63D-F3380087588A}.Debug|x86.ActiveCfg = Debug|Any CPU
		{F16C40F4-5655-4E83-B63D-F3380087588A}.Debug|x86.Build.0 = Debug|Any CPU
		{F16C40F4-5655-4E83-B63D-F3380087588A}.Release|Any CPU.ActiveCfg = Release|Any CPU
		{F16C40F4-5655-4E83-B63D-F3380087588A}.Release|Any CPU.Build.0 = Release|Any CPU
		{F16C40F4-5655-4E83-B63D-F3380087588A}.Release|x64.ActiveCfg = Release|Any CPU
		{F16C40F4-5655-4E83-B63D-F3380087588A}.Release|x64.Build.0 = Release|Any CPU
		{F16C40F4-5655-4E83-B63D-F3380087588A}.Release|x86.ActiveCfg = Release|Any CPU
		{F16C40F4-5655-4E83-B63D-F3380087588A}.Release|x86.Build.0 = Release|Any CPU
		{D81F99E1-EC20-4846-A3B4-B3522BADA05C}.Debug|Any CPU.ActiveCfg = Debug|Any CPU
		{D81F99E1-EC20-4846-A3B4-B3522BADA05C}.Debug|Any CPU.Build.0 = Debug|Any CPU
		{D81F99E1-EC20-4846-A3B4-B3522BADA05C}.Debug|x64.ActiveCfg = Debug|Any CPU
		{D81F99E1-EC20-4846-A3B4-B3522BADA05C}.Debug|x64.Build.0 = Debug|Any CPU
		{D81F99E1-EC20-4846-A3B4-B3522BADA05C}.Debug|x86.ActiveCfg = Debug|Any CPU
		{D81F99E1-EC20-4846-A3B4-B3522BADA05C}.Debug|x86.Build.0 = Debug|Any CPU
		{D81F99E1-EC20-4846-A3B4-B3522BADA05C}.Release|Any CPU.ActiveCfg = Release|Any CPU
		{D81F99E1-EC20-4846-A3B4-B3522BADA05C}.Release|Any CPU.Build.0 = Release|Any CPU
		{D81F99E1-EC20-4846-A3B4-B3522BADA05C}.Release|x64.ActiveCfg = Release|Any CPU
		{D81F99E1-EC20-4846-A3B4-B3522BADA05C}.Release|x64.Build.0 = Release|Any CPU
		{D81F99E1-EC20-4846-A3B4-B3522BADA05C}.Release|x86.ActiveCfg = Release|Any CPU
		{D81F99E1-EC20-4846-A3B4-B3522BADA05C}.Release|x86.Build.0 = Release|Any CPU
		{3FA33FD5-EE56-4183-9097-BE6038DDA2A2}.Debug|Any CPU.ActiveCfg = Debug|Any CPU
		{3FA33FD5-EE56-4183-9097-BE6038DDA2A2}.Debug|Any CPU.Build.0 = Debug|Any CPU
		{3FA33FD5-EE56-4183-9097-BE6038DDA2A2}.Debug|x64.ActiveCfg = Debug|Any CPU
		{3FA33FD5-EE56-4183-9097-BE6038DDA2A2}.Debug|x64.Build.0 = Debug|Any CPU
		{3FA33FD5-EE56-4183-9097-BE6038DDA2A2}.Debug|x86.ActiveCfg = Debug|Any CPU
		{3FA33FD5-EE56-4183-9097-BE6038DDA2A2}.Debug|x86.Build.0 = Debug|Any CPU
		{3FA33FD5-EE56-4183-9097-BE6038DDA2A2}.Release|Any CPU.ActiveCfg = Release|Any CPU
		{3FA33FD5-EE56-4183-9097-BE6038DDA2A2}.Release|Any CPU.Build.0 = Release|Any CPU
		{3FA33FD5-EE56-4183-9097-BE6038DDA2A2}.Release|x64.ActiveCfg = Release|Any CPU
		{3FA33FD5-EE56-4183-9097-BE6038DDA2A2}.Release|x64.Build.0 = Release|Any CPU
		{3FA33FD5-EE56-4183-9097-BE6038DDA2A2}.Release|x86.ActiveCfg = Release|Any CPU
		{3FA33FD5-EE56-4183-9097-BE6038DDA2A2}.Release|x86.Build.0 = Release|Any CPU
	EndGlobalSection
	GlobalSection(NestedProjects) = preSolution
		{743B41A0-782E-11E9-B616-CBBB8A79C0C6} = {1374C510-751A-11E9-8DA1-2BC3D854016D}
		{6DDD7710-782E-11E9-B616-CBBB8A79C0C6} = {1374C510-751A-11E9-8DA1-2BC3D854016D}
		{F16C40F4-5655-4E83-B63D-F3380087588A} = {743B41A0-782E-11E9-B616-CBBB8A79C0C6}
		{D81F99E1-EC20-4846-A3B4-B3522BADA05C} = {D83C1840-7519-11E9-8DA1-2BC3D854016D}
		{7EA05906-F541-4F74-9D54-F16F8812FC37} = {6DDD7710-782E-11E9-B616-CBBB8A79C0C6}
		{3FA33FD5-EE56-4183-9097-BE6038DDA2A2} = {7EA05906-F541-4F74-9D54-F16F8812FC37}
	EndGlobalSection
EndGlobal
